{
  "name": "htmlrapier.sidebar",
  "version": "3.1.1",
  "lockfileVersion": 1,
  "requires": true,
  "dependencies": {
    "@types/node": {
      "version": "6.14.13",
      "resolved": "https://registry.npmjs.org/@types/node/-/node-6.14.13.tgz",
      "integrity": "sha512-J1F0XJ/9zxlZel5ZlbeSuHW2OpabrUAqpFuC2sm2I3by8sERQ8+KCjNKUcq8QHuzpGMWiJpo9ZxeHrqrP2KzQw==",
      "dev": true
    },
    "bootstrap": {
      "version": "3.4.1",
      "resolved": "https://registry.npmjs.org/bootstrap/-/bootstrap-3.4.1.tgz",
      "integrity": "sha512-yN5oZVmRCwe5aKwzRj6736nSmKDX7pLYwsXiCj/EYmo16hODaBiT4En5btW/jhBF/seV+XMx3aYwukYC3A49DA=="
    },
    "htmlrapier": {
      "version": "24.0.2",
      "resolved": "https://registry.npmjs.org/htmlrapier/-/htmlrapier-24.0.2.tgz",
      "integrity": "sha512-Zu+Ohj+X2tfOowzaIftraRz4IBGoTaTCIJESTn6hbwpNZ4qBeACC4eyokDLIrRQpm2rzdosZzKPUlyTx/nqMdw==",
      "requires": {
        "tslib": ">=1.6.1"
      }
    },
    "tslib": {
      "version": "2.0.3",
      "resolved": "https://registry.npmjs.org/tslib/-/tslib-2.0.3.tgz",
      "integrity": "sha512-uZtkfKblCEQtZKBF6EBXVZeQNl82yqtDQdv+eck8u7tdPxjLu2/lp5/uPW+um2tpuxINHWy3GhiccY7QgEaVHQ=="
    }
  }
}
